
Microsoft Visual Studio Solution File, Format Version 12.00
# Visual Studio Version 17
VisualStudioVersion = 17.3.32804.467
MinimumVisualStudioVersion = 10.0.40219.1
Project("{FAE04EC0-301F-11D3-BF4B-00C04F79EFBC}") = "SIMPLE_APP", "SIMPLE_APP.csproj", "{0F01E7E6-BC60-4CAC-A96C-77D2E82ADB15}"
EndProject
Global
	GlobalSection(SolutionConfigurationPlatforms) = preSolution
		Debug|Any CPU = Debug|Any CPU
		Release|Any CPU = Release|Any CPU
	EndGlobalSection
	GlobalSection(ProjectConfigurationPlatforms) = postSolution
		{0F01E7E6-BC60-4CAC-A96C-77D2E82ADB15}.Debug|Any CPU.ActiveCfg = Debug|Any CPU
		{0F01E7E6-BC60-4CAC-A96C-77D2E82ADB15}.Debug|Any CPU.Build.0 = Debug|Any CPU
		{0F01E7E6-BC60-4CAC-A96C-77D2E82ADB15}.Release|Any CPU.ActiveCfg = Release|Any CPU
		{0F01E7E6-BC60-4CAC-A96C-77D2E82ADB15}.Release|Any CPU.Build.0 = Release|Any CPU
	EndGlobalSection
	GlobalSection(SolutionProperties) = preSolution
		HideSolutionNode = FALSE
	EndGlobalSection
	GlobalSection(ExtensibilityGlobals) = postSolution
		SolutionGuid = {D6C9169C-B7D2-4136-B29F-F43F23052B61}
	EndGlobalSection
EndGlobal
